
Microsoft Visual Studio Solution File, Format Version 12.00
# Visual Studio Version 16
VisualStudioVersion = 16.0.31129.286
MinimumVisualStudioVersion = 10.0.40219.1
Project("{FAE04EC0-301F-11D3-BF4B-00C04F79EFBC}") = "VeggieSwapServer", "VeggieSwapServer\VeggieSwapServer.csproj", "{330335BB-5F91-4A0A-A134-5C197BD37782}"
EndProject
Global
	GlobalSection(SolutionConfigurationPlatforms) = preSolution
		Debug|Any CPU = Debug|Any CPU
		Release|Any CPU = Release|Any CPU
	EndGlobalSection
	GlobalSection(ProjectConfigurationPlatforms) = postSolution
		{330335BB-5F91-4A0A-A134-5C197BD37782}.Debug|Any CPU.ActiveCfg = Debug|Any CPU
		{330335BB-5F91-4A0A-A134-5C197BD37782}.Debug|Any CPU.Build.0 = Debug|Any CPU
		{330335BB-5F91-4A0A-A134-5C197BD37782}.Release|Any CPU.ActiveCfg = Release|Any CPU
		{330335BB-5F91-4A0A-A134-5C197BD37782}.Release|Any CPU.Build.0 = Release|Any CPU
	EndGlobalSection
	GlobalSection(SolutionProperties) = preSolution
		HideSolutionNode = FALSE
	EndGlobalSection
	GlobalSection(ExtensibilityGlobals) = postSolution
		SolutionGuid = {CCCC3F40-2170-4EA9-B16E-743216F0D0EE}
	EndGlobalSection
EndGlobal
